# This file was autogenerated by Stack.
# You should not edit this file by hand.
# For more information, please see the documentation at:
#   https://docs.haskellstack.org/en/stable/lock_files

packages:
- completed:
    hackage: QuickCheck-2.13.2@sha256:ad4e5adbd1c9dc0221a44307b992cb040c515f31095182e47aa7e974bc461df1,6952
    pantry-tree:
      size: 2202
      sha256: f79eee2f6a00b2c649f993a7b358827702373cbc931ced55ebdfb59625540403
  original:
    hackage: QuickCheck-2.13.2@sha256:ad4e5adbd1c9dc0221a44307b992cb040c515f31095182e47aa7e974bc461df1,6952
- completed:
    hackage: ansi-terminal-0.10.2@sha256:1ec06f91326476548c9a638aed0f70b0497dac775c8a15829be294676431645c,3226
    pantry-tree:
      size: 1461
      sha256: 6fe8f94c45ec07844d6eb87b47bd54da1940f99efa3374faa85d047c587faec8
  original:
    hackage: ansi-terminal-0.10.2@sha256:1ec06f91326476548c9a638aed0f70b0497dac775c8a15829be294676431645c,3226
- completed:
    hackage: extra-1.6.18@sha256:5f1fff126f0ae47b701fff5aa8462dc63cb44465d5a724b0afd20a3d731903af,2705
    pantry-tree:
      size: 1828
      sha256: 61a764a72012e96ac338622af1dbcd8d7620d5952ccd631fc708fb0c5343494a
  original:
    hackage: extra-1.6.18@sha256:5f1fff126f0ae47b701fff5aa8462dc63cb44465d5a724b0afd20a3d731903af,2705
- completed:
    hackage: hspec-2.7.1@sha256:0aa48928ce80a34f8ff8c5ef114bb6807edfb8d884bcd7211eceed710e7fb7a8,1769
    pantry-tree:
      size: 532
      sha256: 8128733a7ef4760bbe5d978f2145fdcb29f4491b17db11e8c05b409441ceecb4
  original:
    hackage: hspec-2.7.1@sha256:0aa48928ce80a34f8ff8c5ef114bb6807edfb8d884bcd7211eceed710e7fb7a8,1769
- completed:
    hackage: primes-0.2.1.0@sha256:94885df2e13153e439ca9c6eb1893726776ca7022128fe860278294bad49d6a9,954
    pantry-tree:
      size: 356
      sha256: faa54f923b1b9bda5038f990841b3fee1948463770ad84bf16083378675c6331
  original:
    hackage: primes-0.2.1.0@sha256:94885df2e13153e439ca9c6eb1893726776ca7022128fe860278294bad49d6a9,954
- completed:
    hackage: random-1.1@sha256:7b67624fd76ddf97c206de0801dc7e888097e9d572974be9b9ea6551d76965df,1777
    pantry-tree:
      size: 637
      sha256: 14a1b01728c5584e87c9fa00746a66e28ffd89dd2c0eabd334c8463953496e1b
  original:
    hackage: random-1.1@sha256:7b67624fd76ddf97c206de0801dc7e888097e9d572974be9b9ea6551d76965df,1777
- completed:
    hackage: splitmix-0.0.3@sha256:a27ceded6f6eb37c8eef67a34afac589d281cd1548e8ae8b75ac7dfd3b293830,4728
    pantry-tree:
      size: 870
      sha256: 54e02b9905e7ec865401b45784c7fc8474c003875243d38a210efd7bbf4bb7ce
  original:
    hackage: splitmix-0.0.3@sha256:a27ceded6f6eb37c8eef67a34afac589d281cd1548e8ae8b75ac7dfd3b293830,4728
- completed:
    hackage: unordered-containers-0.2.10.0@sha256:5e9b095a9283d9e2f064fec73a81a6b6ea0b7fda3f219a8175785d2d2a3de204,5199
    pantry-tree:
      size: 1415
      sha256: dfc2d75f4e59c03e2c68be6909b577f26991367134eaac06a407e940e66856ae
  original:
    hackage: unordered-containers-0.2.10.0@sha256:5e9b095a9283d9e2f064fec73a81a6b6ea0b7fda3f219a8175785d2d2a3de204,5199
- completed:
    hackage: utility-ht-0.0.14@sha256:586b3253413423a6fb205dbba9c02ac6c3c9684f8466e32a8c25053bc6d1d2b0,3023
    pantry-tree:
      size: 2741
      sha256: 82c46e76df9fe51060161c2fa5f300c9e977f87f1fb02fb6eebd1c47fb9a4f15
  original:
    hackage: utility-ht-0.0.14@sha256:586b3253413423a6fb205dbba9c02ac6c3c9684f8466e32a8c25053bc6d1d2b0,3023
- completed:
    hackage: yjtools-0.9.18@sha256:a455d9143191adead5dd0d82a60f82854ec2ce15289841aa20f7edbe2b586bae,770
    pantry-tree:
      size: 577
      sha256: 1cd48635fc391c7aa3cd606f1ac33428276feffdf5bda72dc07c2c00b0bb22b9
  original:
    hackage: yjtools-0.9.18@sha256:a455d9143191adead5dd0d82a60f82854ec2ce15289841aa20f7edbe2b586bae,770
- completed:
    hackage: clock-0.8@sha256:b4ae207e2d3761450060a0d0feb873269233898039c76fceef9cc1a544067767,4113
    pantry-tree:
      size: 446
      sha256: d9ac8ce6a19812fe74cb1e74228e6e624eda19021ff4d12e24611f88abacd38a
  original:
    hackage: clock-0.8@sha256:b4ae207e2d3761450060a0d0feb873269233898039c76fceef9cc1a544067767,4113
- completed:
    hackage: colour-2.3.5@sha256:b27db0a3ad40d70bdbd8510a104269f8707592e80757a1abc66a22ba25e5a42f,1801
    pantry-tree:
      size: 1183
      sha256: ff0f5e24e9f669ceedfcae4d11fd6c68820bbaa2e07ab277368946e9b0f6f8a4
  original:
    hackage: colour-2.3.5@sha256:b27db0a3ad40d70bdbd8510a104269f8707592e80757a1abc66a22ba25e5a42f,1801
- completed:
    hackage: hashable-1.3.0.0@sha256:7ad8edaa681e81162ddddb4d703a9cffe6a0c9ddcfede31cf6569507ed3f1ddb,5179
    pantry-tree:
      size: 1521
      sha256: b80a3632cc3782099576348981f21ead5ba759e83fa610e02feb33901fdac38c
  original:
    hackage: hashable-1.3.0.0@sha256:7ad8edaa681e81162ddddb4d703a9cffe6a0c9ddcfede31cf6569507ed3f1ddb,5179
- completed:
    hackage: hspec-core-2.7.1@sha256:2696420050bafb1b690366b2c0ca8595a27c4597811df036f0c35cf19f46862b,4583
    pantry-tree:
      size: 3601
      sha256: 7761094914f253af8eff3e0d14e1e0317a7e260f2d4bd4bd44d5d222fe0ba3d6
  original:
    hackage: hspec-core-2.7.1@sha256:2696420050bafb1b690366b2c0ca8595a27c4597811df036f0c35cf19f46862b,4583
- completed:
    hackage: hspec-discover-2.7.1@sha256:e8ce36741c06b41de58069814a7d3b7314bdeaab35ae573e3c924739011e0c29,2243
    pantry-tree:
      size: 1080
      sha256: 2d1c4ccbd0c9047311d1bd24989714df844003c258964ef65d542f6627dc0fed
  original:
    hackage: hspec-discover-2.7.1@sha256:e8ce36741c06b41de58069814a7d3b7314bdeaab35ae573e3c924739011e0c29,2243
- completed:
    hackage: hspec-expectations-0.8.2@sha256:e2db24881baadc2d9d23b03cb629e80dcbda89a6b04ace9adb5f4d02ef8b31aa,1594
    pantry-tree:
      size: 602
      sha256: cba2c119c85cf68a18d35cccb365d032359442c82ceb93b295020609712d791f
  original:
    hackage: hspec-expectations-0.8.2@sha256:e2db24881baadc2d9d23b03cb629e80dcbda89a6b04ace9adb5f4d02ef8b31aa,1594
- completed:
    hackage: semigroups-0.19.1@sha256:ecae129621e0d2f77bef2f01e4458c2e0567ab6e1f39579c61d7cec8058ebb0e,6262
    pantry-tree:
      size: 534
      sha256: 61160272cccf0dcffe7fe23b7644412b959a8ec232bed4d43be235176f0bd90b
  original:
    hackage: semigroups-0.19.1@sha256:ecae129621e0d2f77bef2f01e4458c2e0567ab6e1f39579c61d7cec8058ebb0e,6262
- completed:
    hackage: HUnit-1.6.0.0@sha256:8014b27c884becd8041214a1ab263fa92244ca62700a911aff604a1047869298,1570
    pantry-tree:
      size: 878
      sha256: 270a6f8d6ef23eba3a9a1697aa244576abb168d10cb8e4736cf4add2b09eb650
  original:
    hackage: HUnit-1.6.0.0@sha256:8014b27c884becd8041214a1ab263fa92244ca62700a911aff604a1047869298,1570
- completed:
    hackage: call-stack-0.2.0@sha256:5ce796b78d5f964468ec6fe0717b4e7d0430817f37370c47b3e6b38e345b6643,1202
    pantry-tree:
      size: 500
      sha256: 30cc02f50a7f660db6b5c4218b4021cd78cae90b135d893d55f32a1c8b1e1c08
  original:
    hackage: call-stack-0.2.0@sha256:5ce796b78d5f964468ec6fe0717b4e7d0430817f37370c47b3e6b38e345b6643,1202
- completed:
    hackage: quickcheck-io-0.2.0@sha256:7bf0b68fb90873825eb2e5e958c1b76126dcf984debb998e81673e6d837e0b2d,1133
    pantry-tree:
      size: 223
      sha256: afaa27fbf8b35aa7ce174abd9c59a84a12fd7f3d08300c3280b22c1d204f11ca
  original:
    hackage: quickcheck-io-0.2.0@sha256:7bf0b68fb90873825eb2e5e958c1b76126dcf984debb998e81673e6d837e0b2d,1133
- completed:
    hackage: setenv-0.1.1.3@sha256:c5916ac0d2a828473cd171261328a290afe0abd799db1ac8c310682fe778c45b,1053
    pantry-tree:
      size: 212
      sha256: 9a071cf2552e6881cd3ac0ce81252d5b96ac7f42cae517d973ea167e3d503265
  original:
    hackage: setenv-0.1.1.3@sha256:c5916ac0d2a828473cd171261328a290afe0abd799db1ac8c310682fe778c45b,1053
- completed:
    hackage: tf-random-0.5@sha256:14012837d0f0e18fdbbe3d56e67da8622ee5e20b180abce952dd50bd9f36b326,3983
    pantry-tree:
      size: 941
      sha256: d6483580cfea846cbf23ff1d7a67849546d5096425b6d61318a34554043b4ffb
  original:
    hackage: tf-random-0.5@sha256:14012837d0f0e18fdbbe3d56e67da8622ee5e20b180abce952dd50bd9f36b326,3983
- completed:
    hackage: primitive-0.7.0.0@sha256:ee352d97cc390d8513530029a2213a95c179a66c406906b18d03702c1d9ab8e5,3416
    pantry-tree:
      size: 3221
      sha256: ad604aab554e26d78561ad1288636b52c2e88b40e1fb37594efc96465a0ce68c
  original:
    hackage: primitive-0.7.0.0@sha256:ee352d97cc390d8513530029a2213a95c179a66c406906b18d03702c1d9ab8e5,3416
snapshots: []
